
Microsoft Visual Studio Solution File, Format Version 12.00
# Visual Studio Version 17
VisualStudioVersion = 17.14.36221.1
MinimumVisualStudioVersion = 10.0.40219.1
Project("{FAE04EC0-301F-11D3-BF4B-00C04F79EFBC}") = "HarithaVenkatesh", "HarithaVenkatesh\HarithaVenkatesh.csproj", "{DFFFEB12-71A0-4725-B457-9A3A44D1FAED}"
EndProject
Global
	GlobalSection(SolutionConfigurationPlatforms) = preSolution
		Debug|Any CPU = Debug|Any CPU
		Release|Any CPU = Release|Any CPU
	EndGlobalSection
	GlobalSection(ProjectConfigurationPlatforms) = postSolution
		{DFFFEB12-71A0-4725-B457-9A3A44D1FAED}.Debug|Any CPU.ActiveCfg = Debug|Any CPU
		{DFFFEB12-71A0-4725-B457-9A3A44D1FAED}.Debug|Any CPU.Build.0 = Debug|Any CPU
		{DFFFEB12-71A0-4725-B457-9A3A44D1FAED}.Release|Any CPU.ActiveCfg = Release|Any CPU
		{DFFFEB12-71A0-4725-B457-9A3A44D1FAED}.Release|Any CPU.Build.0 = Release|Any CPU
	EndGlobalSection
	GlobalSection(SolutionProperties) = preSolution
		HideSolutionNode = FALSE
	EndGlobalSection
	GlobalSection(ExtensibilityGlobals) = postSolution
		SolutionGuid = {AF5CC132-DA81-44EE-BE8E-932B917C9894}
	EndGlobalSection
EndGlobal
